// !$*UTF8*$!
{
	archiveVersion = 1;
	classes = {
	};
	objectVersion = 46;
	objects = {

/* Begin PBXBuildFile section */
		FE12698419C0C88400A9492B /* Foundation.framework in Frameworks */ = {isa = PBXBuildFile; fileRef = FE12698319C0C88400A9492B /* Foundation.framework */; };
		FE12698619C0C88400A9492B /* CoreGraphics.framework in Frameworks */ = {isa = PBXBuildFile; fileRef = FE12698519C0C88400A9492B /* CoreGraphics.framework */; };
		FE12698819C0C88400A9492B /* UIKit.framework in Frameworks */ = {isa = PBXBuildFile; fileRef = FE12698719C0C88400A9492B /* UIKit.framework */; };
		FE12698E19C0C88400A9492B /* InfoPlist.strings in Resources */ = {isa = PBXBuildFile; fileRef = FE12698C19C0C88400A9492B /* InfoPlist.strings */; };
		FE12699019C0C88400A9492B /* main.m in Sources */ = {isa = PBXBuildFile; fileRef = FE12698F19C0C88400A9492B /* main.m */; };
		FE12699419C0C88400A9492B /* AppDelegate.m in Sources */ = {isa = PBXBuildFile; fileRef = FE12699319C0C88400A9492B /* AppDelegate.m */; };
		FE12699719C0C88400A9492B /* Main.storyboard in Resources */ = {isa = PBXBuildFile; fileRef = FE12699519C0C88400A9492B /* Main.storyboard */; };
		FE12699A19C0C88400A9492B /* ViewController.m in Sources */ = {isa = PBXBuildFile; fileRef = FE12699919C0C88400A9492B /* ViewController.m */; };
		FE12699C19C0C88400A9492B /* Images.xcassets in Resources */ = {isa = PBXBuildFile; fileRef = FE12699B19C0C88400A9492B /* Images.xcassets */; };
		FE1269A319C0C88400A9492B /* XCTest.framework in Frameworks */ = {isa = PBXBuildFile; fileRef = FE1269A219C0C88400A9492B /* XCTest.framework */; };
		FE1269A419C0C88400A9492B /* Foundation.framework in Frameworks */ = {isa = PBXBuildFile; fileRef = FE12698319C0C88400A9492B /* Foundation.framework */; };
		FE1269A519C0C88400A9492B /* UIKit.framework in Frameworks */ = {isa = PBXBuildFile; fileRef = FE12698719C0C88400A9492B /* UIKit.framework */; };
		FE1269AD19C0C88400A9492B /* InfoPlist.strings in Resources */ = {isa = PBXBuildFile; fileRef = FE1269AB19C0C88400A9492B /* InfoPlist.strings */; };
		FE1269AF19C0C88400A9492B /* BHImageCacheTests.m in Sources */ = {isa = PBXBuildFile; fileRef = FE1269AE19C0C88400A9492B /* BHImageCacheTests.m */; };
		FE1269C319C0C89B00A9492B /* BHImageDownloader.m in Sources */ = {isa = PBXBuildFile; fileRef = FE1269BA19C0C89B00A9492B /* BHImageDownloader.m */; };
		FE1269C419C0C89B00A9492B /* BHImageDownloaderFileManager.m in Sources */ = {isa = PBXBuildFile; fileRef = FE1269BC19C0C89B00A9492B /* BHImageDownloaderFileManager.m */; };
		FE1269C519C0C89B00A9492B /* NSString+CacheFileName.m in Sources */ = {isa = PBXBuildFile; fileRef = FE1269BE19C0C89B00A9492B /* NSString+CacheFileName.m */; };
		FE1269C619C0C89B00A9492B /* UIButton+BHImageCache.m in Sources */ = {isa = PBXBuildFile; fileRef = FE1269C019C0C89B00A9492B /* UIButton+BHImageCache.m */; };
		FE1269C719C0C89B00A9492B /* UIImageView+BHImageCache.m in Sources */ = {isa = PBXBuildFile; fileRef = FE1269C219C0C89B00A9492B /* UIImageView+BHImageCache.m */; };
/* End PBXBuildFile section */

/* Begin PBXContainerItemProxy section */
		FE1269A619C0C88400A9492B /* PBXContainerItemProxy */ = {
			isa = PBXContainerItemProxy;
			containerPortal = FE12697819C0C88400A9492B /* Project object */;
			proxyType = 1;
			remoteGlobalIDString = FE12697F19C0C88400A9492B;
			remoteInfo = BHImageCache;
		};
/* End PBXContainerItemProxy section */

/* Begin PBXFileReference section */
		FE12698019C0C88400A9492B /* BHImageCache.app */ = {isa = PBXFileReference; explicitFileType = wrapper.application; includeInIndex = 0; path = BHImageCache.app; sourceTree = BUILT_PRODUCTS_DIR; };
		FE12698319C0C88400A9492B /* Foundation.framework */ = {isa = PBXFileReference; lastKnownFileType = wrapper.framework; name = Foundation.framework; path = System/Library/Frameworks/Foundation.framework; sourceTree = SDKROOT; };
		FE12698519C0C88400A9492B /* CoreGraphics.framework */ = {isa = PBXFileReference; lastKnownFileType = wrapper.framework; name = CoreGraphics.framework; path = System/Library/Frameworks/CoreGraphics.framework; sourceTree = SDKROOT; };
		FE12698719C0C88400A9492B /* UIKit.framework */ = {isa = PBXFileReference; lastKnownFileType = wrapper.framework; name = UIKit.framework; path = System/Library/Frameworks/UIKit.framework; sourceTree = SDKROOT; };
		FE12698B19C0C88400A9492B /* BHImageCache-Info.plist */ = {isa = PBXFileReference; lastKnownFileType = text.plist.xml; path = "BHImageCache-Info.plist"; sourceTree = "<group>"; };
		FE12698D19C0C88400A9492B /* en */ = {isa = PBXFileReference; lastKnownFileType = text.plist.strings; name = en; path = en.lproj/InfoPlist.strings; sourceTree = "<group>"; };
		FE12698F19C0C88400A9492B /* main.m */ = {isa = PBXFileReference; lastKnownFileType = sourcecode.c.objc; path = main.m; sourceTree = "<group>"; };
		FE12699119C0C88400A9492B /* BHImageCache-Prefix.pch */ = {isa = PBXFileReference; lastKnownFileType = sourcecode.c.h; path = "BHImageCache-Prefix.pch"; sourceTree = "<group>"; };
		FE12699219C0C88400A9492B /* AppDelegate.h */ = {isa = PBXFileReference; lastKnownFileType = sourcecode.c.h; path = AppDelegate.h; sourceTree = "<group>"; };
		FE12699319C0C88400A9492B /* AppDelegate.m */ = {isa = PBXFileReference; lastKnownFileType = sourcecode.c.objc; path = AppDelegate.m; sourceTree = "<group>"; };
		FE12699619C0C88400A9492B /* Base */ = {isa = PBXFileReference; lastKnownFileType = file.storyboard; name = Base; path = Base.lproj/Main.storyboard; sourceTree = "<group>"; };
		FE12699819C0C88400A9492B /* ViewController.h */ = {isa = PBXFileReference; lastKnownFileType = sourcecode.c.h; path = ViewController.h; sourceTree = "<group>"; };
		FE12699919C0C88400A9492B /* ViewController.m */ = {isa = PBXFileReference; lastKnownFileType = sourcecode.c.objc; path = ViewController.m; sourceTree = "<group>"; };
		FE12699B19C0C88400A9492B /* Images.xcassets */ = {isa = PBXFileReference; lastKnownFileType = folder.assetcatalog; path = Images.xcassets; sourceTree = "<group>"; };
		FE1269A119C0C88400A9492B /* BHImageCacheTests.xctest */ = {isa = PBXFileReference; explicitFileType = wrapper.cfbundle; includeInIndex = 0; path = BHImageCacheTests.xctest; sourceTree = BUILT_PRODUCTS_DIR; };
		FE1269A219C0C88400A9492B /* XCTest.framework */ = {isa = PBXFileReference; lastKnownFileType = wrapper.framework; name = XCTest.framework; path = Library/Frameworks/XCTest.framework; sourceTree = DEVELOPER_DIR; };
		FE1269AA19C0C88400A9492B /* BHImageCacheTests-Info.plist */ = {isa = PBXFileReference; lastKnownFileType = text.plist.xml; path = "BHImageCacheTests-Info.plist"; sourceTree = "<group>"; };
		FE1269AC19C0C88400A9492B /* en */ = {isa = PBXFileReference; lastKnownFileType = text.plist.strings; name = en; path = en.lproj/InfoPlist.strings; sourceTree = "<group>"; };
		FE1269AE19C0C88400A9492B /* BHImageCacheTests.m */ = {isa = PBXFileReference; lastKnownFileType = sourcecode.c.objc; path = BHImageCacheTests.m; sourceTree = "<group>"; };
		FE1269B919C0C89B00A9492B /* BHImageDownloader.h */ = {isa = PBXFileReference; fileEncoding = 4; lastKnownFileType = sourcecode.c.h; path = BHImageDownloader.h; sourceTree = "<group>"; };
		FE1269BA19C0C89B00A9492B /* BHImageDownloader.m */ = {isa = PBXFileReference; fileEncoding = 4; lastKnownFileType = sourcecode.c.objc; path = BHImageDownloader.m; sourceTree = "<group>"; };
		FE1269BB19C0C89B00A9492B /* BHImageDownloaderFileManager.h */ = {isa = PBXFileReference; fileEncoding = 4; lastKnownFileType = sourcecode.c.h; path = BHImageDownloaderFileManager.h; sourceTree = "<group>"; };
		FE1269BC19C0C89B00A9492B /* BHImageDownloaderFileManager.m */ = {isa = PBXFileReference; fileEncoding = 4; lastKnownFileType = sourcecode.c.objc; path = BHImageDownloaderFileManager.m; sourceTree = "<group>"; };
		FE1269BD19C0C89B00A9492B /* NSString+CacheFileName.h */ = {isa = PBXFileReference; fileEncoding = 4; lastKnownFileType = sourcecode.c.h; path = "NSString+CacheFileName.h"; sourceTree = "<group>"; };
		FE1269BE19C0C89B00A9492B /* NSString+CacheFileName.m */ = {isa = PBXFileReference; fileEncoding = 4; lastKnownFileType = sourcecode.c.objc; path = "NSString+CacheFileName.m"; sourceTree = "<group>"; };
		FE1269BF19C0C89B00A9492B /* UIButton+BHImageCache.h */ = {isa = PBXFileReference; fileEncoding = 4; lastKnownFileType = sourcecode.c.h; path = "UIButton+BHImageCache.h"; sourceTree = "<group>"; };
		FE1269C019C0C89B00A9492B /* UIButton+BHImageCache.m */ = {isa = PBXFileReference; fileEncoding = 4; lastKnownFileType = sourcecode.c.objc; path = "UIButton+BHImageCache.m"; sourceTree = "<group>"; };
		FE1269C119C0C89B00A9492B /* UIImageView+BHImageCache.h */ = {isa = PBXFileReference; fileEncoding = 4; lastKnownFileType = sourcecode.c.h; path = "UIImageView+BHImageCache.h"; sourceTree = "<group>"; };
		FE1269C219C0C89B00A9492B /* UIImageView+BHImageCache.m */ = {isa = PBXFileReference; fileEncoding = 4; lastKnownFileType = sourcecode.c.objc; path = "UIImageView+BHImageCache.m"; sourceTree = "<group>"; };
/* End PBXFileReference section */

/* Begin PBXFrameworksBuildPhase section */
		FE12697D19C0C88400A9492B /* Frameworks */ = {
			isa = PBXFrameworksBuildPhase;
			buildActionMask = 2147483647;
			files = (
				FE12698619C0C88400A9492B /* CoreGraphics.framework in Frameworks */,
				FE12698819C0C88400A9492B /* UIKit.framework in Frameworks */,
				FE12698419C0C88400A9492B /* Foundation.framework in Frameworks */,
			);
			runOnlyForDeploymentPostprocessing = 0;
		};
		FE12699E19C0C88400A9492B /* Frameworks */ = {
			isa = PBXFrameworksBuildPhase;
			buildActionMask = 2147483647;
			files = (
				FE1269A319C0C88400A9492B /* XCTest.framework in Frameworks */,
				FE1269A519C0C88400A9492B /* UIKit.framework in Frameworks */,
				FE1269A419C0C88400A9492B /* Foundation.framework in Frameworks */,
			);
			runOnlyForDeploymentPostprocessing = 0;
		};
/* End PBXFrameworksBuildPhase section */

/* Begin PBXGroup section */
		FE12697719C0C88400A9492B = {
			isa = PBXGroup;
			children = (
				FE12698919C0C88400A9492B /* BHImageCache */,
				FE1269A819C0C88400A9492B /* BHImageCacheTests */,
				FE12698219C0C88400A9492B /* Frameworks */,
				FE12698119C0C88400A9492B /* Products */,
			);
			sourceTree = "<group>";
		};
		FE12698119C0C88400A9492B /* Products */ = {
			isa = PBXGroup;
			children = (
				FE12698019C0C88400A9492B /* BHImageCache.app */,
				FE1269A119C0C88400A9492B /* BHImageCacheTests.xctest */,
			);
			name = Products;
			sourceTree = "<group>";
		};
		FE12698219C0C88400A9492B /* Frameworks */ = {
			isa = PBXGroup;
			children = (
				FE12698319C0C88400A9492B /* Foundation.framework */,
				FE12698519C0C88400A9492B /* CoreGraphics.framework */,
				FE12698719C0C88400A9492B /* UIKit.framework */,
				FE1269A219C0C88400A9492B /* XCTest.framework */,
			);
			name = Frameworks;
			sourceTree = "<group>";
		};
		FE12698919C0C88400A9492B /* BHImageCache */ = {
			isa = PBXGroup;
			children = (
				FE1269B819C0C89B00A9492B /* BHImageCache */,
				FE12699219C0C88400A9492B /* AppDelegate.h */,
				FE12699319C0C88400A9492B /* AppDelegate.m */,
				FE12699519C0C88400A9492B /* Main.storyboard */,
				FE12699819C0C88400A9492B /* ViewController.h */,
				FE12699919C0C88400A9492B /* ViewController.m */,
				FE12699B19C0C88400A9492B /* Images.xcassets */,
				FE12698A19C0C88400A9492B /* Supporting Files */,
			);
			path = BHImageCache;
			sourceTree = "<group>";
		};
		FE12698A19C0C88400A9492B /* Supporting Files */ = {
			isa = PBXGroup;
			children = (
				FE12698B19C0C88400A9492B /* BHImageCache-Info.plist */,
				FE12698C19C0C88400A9492B /* InfoPlist.strings */,
				FE12698F19C0C88400A9492B /* main.m */,
				FE12699119C0C88400A9492B /* BHImageCache-Prefix.pch */,
			);
			name = "Supporting Files";
			sourceTree = "<group>";
		};
		FE1269A819C0C88400A9492B /* BHImageCacheTests */ = {
			isa = PBXGroup;
			children = (
				FE1269AE19C0C88400A9492B /* BHImageCacheTests.m */,
				FE1269A919C0C88400A9492B /* Supporting Files */,
			);
			path = BHImageCacheTests;
			sourceTree = "<group>";
		};
		FE1269A919C0C88400A9492B /* Supporting Files */ = {
			isa = PBXGroup;
			children = (
				FE1269AA19C0C88400A9492B /* BHImageCacheTests-Info.plist */,
				FE1269AB19C0C88400A9492B /* InfoPlist.strings */,
			);
			name = "Supporting Files";
			sourceTree = "<group>";
		};
		FE1269B819C0C89B00A9492B /* BHImageCache */ = {
			isa = PBXGroup;
			children = (
				FE1269B919C0C89B00A9492B /* BHImageDownloader.h */,
				FE1269BA19C0C89B00A9492B /* BHImageDownloader.m */,
				FE1269BB19C0C89B00A9492B /* BHImageDownloaderFileManager.h */,
				FE1269BC19C0C89B00A9492B /* BHImageDownloaderFileManager.m */,
				FE1269BD19C0C89B00A9492B /* NSString+CacheFileName.h */,
				FE1269BE19C0C89B00A9492B /* NSString+CacheFileName.m */,
				FE1269BF19C0C89B00A9492B /* UIButton+BHImageCache.h */,
				FE1269C019C0C89B00A9492B /* UIButton+BHImageCache.m */,
				FE1269C119C0C89B00A9492B /* UIImageView+BHImageCache.h */,
				FE1269C219C0C89B00A9492B /* UIImageView+BHImageCache.m */,
			);
			path = BHImageCache;
			sourceTree = "<group>";
		};
/* End PBXGroup section */

/* Begin PBXNativeTarget section */
		FE12697F19C0C88400A9492B /* BHImageCache */ = {
			isa = PBXNativeTarget;
			buildConfigurationList = FE1269B219C0C88400A9492B /* Build configuration list for PBXNativeTarget "BHImageCache" */;
			buildPhases = (
				FE12697C19C0C88400A9492B /* Sources */,
				FE12697D19C0C88400A9492B /* Frameworks */,
				FE12697E19C0C88400A9492B /* Resources */,
			);
			buildRules = (
			);
			dependencies = (
			);
			name = BHImageCache;
			productName = BHImageCache;
			productReference = FE12698019C0C88400A9492B /* BHImageCache.app */;
			productType = "com.apple.product-type.application";
		};
		FE1269A019C0C88400A9492B /* BHImageCacheTests */ = {
			isa = PBXNativeTarget;
			buildConfigurationList = FE1269B519C0C88400A9492B /* Build configuration list for PBXNativeTarget "BHImageCacheTests" */;
			buildPhases = (
				FE12699D19C0C88400A9492B /* Sources */,
				FE12699E19C0C88400A9492B /* Frameworks */,
				FE12699F19C0C88400A9492B /* Resources */,
			);
			buildRules = (
			);
			dependencies = (
				FE1269A719C0C88400A9492B /* PBXTargetDependency */,
			);
			name = BHImageCacheTests;
			productName = BHImageCacheTests;
			productReference = FE1269A119C0C88400A9492B /* BHImageCacheTests.xctest */;
			productType = "com.apple.product-type.bundle.unit-test";
		};
/* End PBXNativeTarget section */

/* Begin PBXProject section */
		FE12697819C0C88400A9492B /* Project object */ = {
			isa = PBXProject;
			attributes = {
				LastUpgradeCheck = 0510;
				ORGANIZATIONNAME = "iPhonig, LLC";
				TargetAttributes = {
					FE1269A019C0C88400A9492B = {
						TestTargetID = FE12697F19C0C88400A9492B;
					};
				};
			};
			buildConfigurationList = FE12697B19C0C88400A9492B /* Build configuration list for PBXProject "BHImageCache" */;
			compatibilityVersion = "Xcode 3.2";
			developmentRegion = English;
			hasScannedForEncodings = 0;
			knownRegions = (
				en,
				Base,
			);
			mainGroup = FE12697719C0C88400A9492B;
			productRefGroup = FE12698119C0C88400A9492B /* Products */;
			projectDirPath = "";
			projectRoot = "";
			targets = (
				FE12697F19C0C88400A9492B /* BHImageCache */,
				FE1269A019C0C88400A9492B /* BHImageCacheTests */,
			);
		};
/* End PBXProject section */

/* Begin PBXResourcesBuildPhase section */
		FE12697E19C0C88400A9492B /* Resources */ = {
			isa = PBXResourcesBuildPhase;
			buildActionMask = 2147483647;
			files = (
				FE12699C19C0C88400A9492B /* Images.xcassets in Resources */,
				FE12698E19C0C88400A9492B /* InfoPlist.strings in Resources */,
				FE12699719C0C88400A9492B /* Main.storyboard in Resources */,
			);
			runOnlyForDeploymentPostprocessing = 0;
		};
		FE12699F19C0C88400A9492B /* Resources */ = {
			isa = PBXResourcesBuildPhase;
			buildActionMask = 2147483647;
			files = (
				FE1269AD19C0C88400A9492B /* InfoPlist.strings in Resources */,
			);
			runOnlyForDeploymentPostprocessing = 0;
		};
/* End PBXResourcesBuildPhase section */

/* Begin PBXSourcesBuildPhase section */
		FE12697C19C0C88400A9492B /* Sources */ = {
			isa = PBXSourcesBuildPhase;
			buildActionMask = 2147483647;
			files = (
				FE12699A19C0C88400A9492B /* ViewController.m in Sources */,
				FE1269C619C0C89B00A9492B /* UIButton+BHImageCache.m in Sources */,
				FE1269C419C0C89B00A9492B /* BHImageDownloaderFileManager.m in Sources */,
				FE12699419C0C88400A9492B /* AppDelegate.m in Sources */,
				FE1269C519C0C89B00A9492B /* NSString+CacheFileName.m in Sources */,
				FE1269C719C0C89B00A9492B /* UIImageView+BHImageCache.m in Sources */,
				FE1269C319C0C89B00A9492B /* BHImageDownloader.m in Sources */,
				FE12699019C0C88400A9492B /* main.m in Sources */,
			);
			runOnlyForDeploymentPostprocessing = 0;
		};
		FE12699D19C0C88400A9492B /* Sources */ = {
			isa = PBXSourcesBuildPhase;
			buildActionMask = 2147483647;
			files = (
				FE1269AF19C0C88400A9492B /* BHImageCacheTests.m in Sources */,
			);
			runOnlyForDeploymentPostprocessing = 0;
		};
/* End PBXSourcesBuildPhase section */

/* Begin PBXTargetDependency section */
		FE1269A719C0C88400A9492B /* PBXTargetDependency */ = {
			isa = PBXTargetDependency;
			target = FE12697F19C0C88400A9492B /* BHImageCache */;
			targetProxy = FE1269A619C0C88400A9492B /* PBXContainerItemProxy */;
		};
/* End PBXTargetDependency section */

/* Begin PBXVariantGroup section */
		FE12698C19C0C88400A9492B /* InfoPlist.strings */ = {
			isa = PBXVariantGroup;
			children = (
				FE12698D19C0C88400A9492B /* en */,
			);
			name = InfoPlist.strings;
			sourceTree = "<group>";
		};
		FE12699519C0C88400A9492B /* Main.storyboard */ = {
			isa = PBXVariantGroup;
			children = (
				FE12699619C0C88400A9492B /* Base */,
			);
			name = Main.storyboard;
			sourceTree = "<group>";
		};
		FE1269AB19C0C88400A9492B /* InfoPlist.strings */ = {
			isa = PBXVariantGroup;
			children = (
				FE1269AC19C0C88400A9492B /* en */,
			);
			name = InfoPlist.strings;
			sourceTree = "<group>";
		};
/* End PBXVariantGroup section */

/* Begin XCBuildConfiguration section */
		FE1269B019C0C88400A9492B /* Debug */ = {
			isa = XCBuildConfiguration;
			buildSettings = {
				ALWAYS_SEARCH_USER_PATHS = NO;
				CLANG_CXX_LANGUAGE_STANDARD = "gnu++0x";
				CLANG_CXX_LIBRARY = "libc++";
				CLANG_ENABLE_MODULES = YES;
				CLANG_ENABLE_OBJC_ARC = YES;
				CLANG_WARN_BOOL_CONVERSION = YES;
				CLANG_WARN_CONSTANT_CONVERSION = YES;
				CLANG_WARN_DIRECT_OBJC_ISA_USAGE = YES_ERROR;
				CLANG_WARN_EMPTY_BODY = YES;
				CLANG_WARN_ENUM_CONVERSION = YES;
				CLANG_WARN_INT_CONVERSION = YES;
				CLANG_WARN_OBJC_ROOT_CLASS = YES_ERROR;
				CLANG_WARN__DUPLICATE_METHOD_MATCH = YES;
				"CODE_SIGN_IDENTITY[sdk=iphoneos*]" = "iPhone Developer";
				COPY_PHASE_STRIP = NO;
				GCC_C_LANGUAGE_STANDARD = gnu99;
				GCC_DYNAMIC_NO_PIC = NO;
				GCC_OPTIMIZATION_LEVEL = 0;
				GCC_PREPROCESSOR_DEFINITIONS = (
					"DEBUG=1",
					"$(inherited)",
				);
				GCC_SYMBOLS_PRIVATE_EXTERN = NO;
				GCC_WARN_64_TO_32_BIT_CONVERSION = YES;
				GCC_WARN_ABOUT_RETURN_TYPE = YES_ERROR;
				GCC_WARN_UNDECLARED_SELECTOR = YES;
				GCC_WARN_UNINITIALIZED_AUTOS = YES_AGGRESSIVE;
				GCC_WARN_UNUSED_FUNCTION = YES;
				GCC_WARN_UNUSED_VARIABLE = YES;
				IPHONEOS_DEPLOYMENT_TARGET = 7.1;
				ONLY_ACTIVE_ARCH = YES;
				SDKROOT = iphoneos;
			};
			name = Debug;
		};
		FE1269B119C0C88400A9492B /* Release */ = {
			isa = XCBuildConfiguration;
			buildSettings = {
				ALWAYS_SEARCH_USER_PATHS = NO;
				CLANG_CXX_LANGUAGE_STANDARD = "gnu++0x";
				CLANG_CXX_LIBRARY = "libc++";
				CLANG_ENABLE_MODULES = YES;
				CLANG_ENABLE_OBJC_ARC = YES;
				CLANG_WARN_BOOL_CONVERSION = YES;
				CLANG_WARN_CONSTANT_CONVERSION = YES;
				CLANG_WARN_DIRECT_OBJC_ISA_USAGE = YES_ERROR;
				CLANG_WARN_EMPTY_BODY = YES;
				CLANG_WARN_ENUM_CONVERSION = YES;
				CLANG_WARN_INT_CONVERSION = YES;
				CLANG_WARN_OBJC_ROOT_CLASS = YES_ERROR;
				CLANG_WARN__DUPLICATE_METHOD_MATCH = YES;
				"CODE_SIGN_IDENTITY[sdk=iphoneos*]" = "iPhone Developer";
				COPY_PHASE_STRIP = YES;
				ENABLE_NS_ASSERTIONS = NO;
				GCC_C_LANGUAGE_STANDARD = gnu99;
				GCC_WARN_64_TO_32_BIT_CONVERSION = YES;
				GCC_WARN_ABOUT_RETURN_TYPE = YES_ERROR;
				GCC_WARN_UNDECLARED_SELECTOR = YES;
				GCC_WARN_UNINITIALIZED_AUTOS = YES_AGGRESSIVE;
				GCC_WARN_UNUSED_FUNCTION = YES;
				GCC_WARN_UNUSED_VARIABLE = YES;
				IPHONEOS_DEPLOYMENT_TARGET = 7.1;
				SDKROOT = iphoneos;
				VALIDATE_PRODUCT = YES;
			};
			name = Release;
		};
		FE1269B319C0C88400A9492B /* Debug */ = {
			isa = XCBuildConfiguration;
			buildSettings = {
				ASSETCATALOG_COMPILER_APPICON_NAME = AppIcon;
				ASSETCATALOG_COMPILER_LAUNCHIMAGE_NAME = LaunchImage;
				GCC_PRECOMPILE_PREFIX_HEADER = YES;
				GCC_PREFIX_HEADER = "BHImageCache/BHImageCache-Prefix.pch";
				INFOPLIST_FILE = "BHImageCache/BHImageCache-Info.plist";
				PRODUCT_NAME = "$(TARGET_NAME)";
				WRAPPER_EXTENSION = app;
			};
			name = Debug;
		};
		FE1269B419C0C88400A9492B /* Release */ = {
			isa = XCBuildConfiguration;
			buildSettings = {
				ASSETCATALOG_COMPILER_APPICON_NAME = AppIcon;
				ASSETCATALOG_COMPILER_LAUNCHIMAGE_NAME = LaunchImage;
				GCC_PRECOMPILE_PREFIX_HEADER = YES;
				GCC_PREFIX_HEADER = "BHImageCache/BHImageCache-Prefix.pch";
				INFOPLIST_FILE = "BHImageCache/BHImageCache-Info.plist";
				PRODUCT_NAME = "$(TARGET_NAME)";
				WRAPPER_EXTENSION = app;
			};
			name = Release;
		};
		FE1269B619C0C88400A9492B /* Debug */ = {
			isa = XCBuildConfiguration;
			buildSettings = {
				BUNDLE_LOADER = "$(BUILT_PRODUCTS_DIR)/BHImageCache.app/BHImageCache";
				FRAMEWORK_SEARCH_PATHS = (
					"$(SDKROOT)/Developer/Library/Frameworks",
					"$(inherited)",
					"$(DEVELOPER_FRAMEWORKS_DIR)",
				);
				GCC_PRECOMPILE_PREFIX_HEADER = YES;
				GCC_PREFIX_HEADER = "BHImageCache/BHImageCache-Prefix.pch";
				GCC_PREPROCESSOR_DEFINITIONS = (
					"DEBUG=1",
					"$(inherited)",
				);
				INFOPLIST_FILE = "BHImageCacheTests/BHImageCacheTests-Info.plist";
				PRODUCT_NAME = "$(TARGET_NAME)";
				TEST_HOST = "$(BUNDLE_LOADER)";
				WRAPPER_EXTENSION = xctest;
			};
			name = Debug;
		};
		FE1269B719C0C88400A9492B /* Release */ = {
			isa = XCBuildConfiguration;
			buildSettings = {
				BUNDLE_LOADER = "$(BUILT_PRODUCTS_DIR)/BHImageCache.app/BHImageCache";
				FRAMEWORK_SEARCH_PATHS = (
					"$(SDKROOT)/Developer/Library/Frameworks",
					"$(inherited)",
					"$(DEVELOPER_FRAMEWORKS_DIR)",
				);
				GCC_PRECOMPILE_PREFIX_HEADER = YES;
				GCC_PREFIX_HEADER = "BHImageCache/BHImageCache-Prefix.pch";
				INFOPLIST_FILE = "BHImageCacheTests/BHImageCacheTests-Info.plist";
				PRODUCT_NAME = "$(TARGET_NAME)";
				TEST_HOST = "$(BUNDLE_LOADER)";
				WRAPPER_EXTENSION = xctest;
			};
			name = Release;
		};
/* End XCBuildConfiguration section */

/* Begin XCConfigurationList section */
		FE12697B19C0C88400A9492B /* Build configuration list for PBXProject "BHImageCache" */ = {
			isa = XCConfigurationList;
			buildConfigurations = (
				FE1269B019C0C88400A9492B /* Debug */,
				FE1269B119C0C88400A9492B /* Release */,
			);
			defaultConfigurationIsVisible = 0;
			defaultConfigurationName = Release;
		};
		FE1269B219C0C88400A9492B /* Build configuration list for PBXNativeTarget "BHImageCache" */ = {
			isa = XCConfigurationList;
			buildConfigurations = (
				FE1269B319C0C88400A9492B /* Debug */,
				FE1269B419C0C88400A9492B /* Release */,
			);
			defaultConfigurationIsVisible = 0;
		};
		FE1269B519C0C88400A9492B /* Build configuration list for PBXNativeTarget "BHImageCacheTests" */ = {
			isa = XCConfigurationList;
			buildConfigurations = (
				FE1269B619C0C88400A9492B /* Debug */,
				FE1269B719C0C88400A9492B /* Release */,
			);
			defaultConfigurationIsVisible = 0;
		};
/* End XCConfigurationList section */
	};
	rootObject = FE12697819C0C88400A9492B /* Project object */;
}
